# This file was autogenerated by Stack.
# You should not edit this file by hand.
# For more information, please see the documentation at:
#   https://docs.haskellstack.org/en/stable/lock_files

packages:
- completed:
    hackage: optics-core-0.3@sha256:0464583aaef715f8e48b8c9ce3fab9866345de93e740dae32d5c5e9a57097bf7,4532
    pantry-tree:
      size: 5030
      sha256: d87366c3a2d4099a7a1d54df029a38e24b591ba8fb88d56fabf0c5c4bc345a51
  original:
    hackage: optics-core-0.3
- completed:
    hackage: optics-th-0.3@sha256:b4746b3d142feb2dc9dfcf76b49a11fd04321aa0ee9c1bcd297c5e8dc393803c,1965
    pantry-tree:
      size: 653
      sha256: 24e990405793450726f6364034614c715537b0ed3f21fafc9ce0267979feb01b
  original:
    hackage: optics-th-0.3
- completed:
    hackage: optics-extra-0.3@sha256:b1b9917596a4305069aa95eaf3083afe88c6db3c84ed6f52e926c82d0c56eea9,3382
    pantry-tree:
      size: 1809
      sha256: 1f5bed915d1696d2f217e494f9e2d70929f33d6a9647996c3fa6c36f4f189c9d
  original:
    hackage: optics-extra-0.3
snapshots:
- completed:
    size: 496112
    url: https://raw.githubusercontent.com/commercialhaskell/stackage-snapshots/master/lts/15/13.yaml
    sha256: 75a1a0f870e1876898b117b0e443f911b3fa2985bfabb53158c81ab5765beda5
  original: lts-15.13
